
Microsoft Visual Studio Solution File, Format Version 11.00
# Visual Studio 2010
Project("{FAE04EC0-301F-11D3-BF4B-00C04F79EFBC}") = "FubuMVC.Media", "FubuMVC.Media\FubuMVC.Media.csproj", "{8C256AEE-489A-4E9E-9D34-2CB9B7C11B6E}"
EndProject
Project("{FAE04EC0-301F-11D3-BF4B-00C04F79EFBC}") = "FubuMVC.Media.Testing", "FubuMVC.Media.Testing\FubuMVC.Media.Testing.csproj", "{EDE9658B-CA66-4CC7-953A-2BEAF27C3EA2}"
EndProject
Project("{FAE04EC0-301F-11D3-BF4B-00C04F79EFBC}") = "FubuMVC.Media.Docs", "FubuMVC.Media.Docs\FubuMVC.Media.Docs.csproj", "{843F00A2-8995-4FF0-BD82-15AC89A5E336}"
EndProject
Global
	GlobalSection(SolutionConfigurationPlatforms) = preSolution
		Debug|Any CPU = Debug|Any CPU
		Release|Any CPU = Release|Any CPU
	EndGlobalSection
	GlobalSection(ProjectConfigurationPlatforms) = postSolution
		{8C256AEE-489A-4E9E-9D34-2CB9B7C11B6E}.Debug|Any CPU.ActiveCfg = Debug|Any CPU
		{8C256AEE-489A-4E9E-9D34-2CB9B7C11B6E}.Debug|Any CPU.Build.0 = Debug|Any CPU
		{8C256AEE-489A-4E9E-9D34-2CB9B7C11B6E}.Release|Any CPU.ActiveCfg = Release|Any CPU
		{8C256AEE-489A-4E9E-9D34-2CB9B7C11B6E}.Release|Any CPU.Build.0 = Release|Any CPU
		{EDE9658B-CA66-4CC7-953A-2BEAF27C3EA2}.Debug|Any CPU.ActiveCfg = Debug|Any CPU
		{EDE9658B-CA66-4CC7-953A-2BEAF27C3EA2}.Debug|Any CPU.Build.0 = Debug|Any CPU
		{EDE9658B-CA66-4CC7-953A-2BEAF27C3EA2}.Release|Any CPU.ActiveCfg = Release|Any CPU
		{EDE9658B-CA66-4CC7-953A-2BEAF27C3EA2}.Release|Any CPU.Build.0 = Release|Any CPU
		{843F00A2-8995-4FF0-BD82-15AC89A5E336}.Debug|Any CPU.ActiveCfg = Debug|Any CPU
		{843F00A2-8995-4FF0-BD82-15AC89A5E336}.Debug|Any CPU.Build.0 = Debug|Any CPU
		{843F00A2-8995-4FF0-BD82-15AC89A5E336}.Release|Any CPU.ActiveCfg = Release|Any CPU
		{843F00A2-8995-4FF0-BD82-15AC89A5E336}.Release|Any CPU.Build.0 = Release|Any CPU
	EndGlobalSection
	GlobalSection(SolutionProperties) = preSolution
		HideSolutionNode = FALSE
	EndGlobalSection
EndGlobal
